
Microsoft Visual Studio Solution File, Format Version 12.00
# Visual Studio Version 16
VisualStudioVersion = 16.0.29424.173
MinimumVisualStudioVersion = 10.0.40219.1
Project("{FAE04EC0-301F-11D3-BF4B-00C04F79EFBC}") = "LINQExtensions", "LINQExtensions.csproj", "{BECB9CFC-061F-4CD2-A6EF-0DD2E613E5D5}"
EndProject
Global
	GlobalSection(SolutionConfigurationPlatforms) = preSolution
		Debug|Any CPU = Debug|Any CPU
		Release|Any CPU = Release|Any CPU
	EndGlobalSection
	GlobalSection(ProjectConfigurationPlatforms) = postSolution
		{BECB9CFC-061F-4CD2-A6EF-0DD2E613E5D5}.Debug|Any CPU.ActiveCfg = Debug|Any CPU
		{BECB9CFC-061F-4CD2-A6EF-0DD2E613E5D5}.Debug|Any CPU.Build.0 = Debug|Any CPU
		{BECB9CFC-061F-4CD2-A6EF-0DD2E613E5D5}.Release|Any CPU.ActiveCfg = Release|Any CPU
		{BECB9CFC-061F-4CD2-A6EF-0DD2E613E5D5}.Release|Any CPU.Build.0 = Release|Any CPU
	EndGlobalSection
	GlobalSection(SolutionProperties) = preSolution
		HideSolutionNode = FALSE
	EndGlobalSection
	GlobalSection(ExtensibilityGlobals) = postSolution
		SolutionGuid = {30E17842-A552-484D-8880-679326213495}
	EndGlobalSection
EndGlobal
